
Microsoft Visual Studio Solution File, Format Version 12.00
# Visual Studio Version 16
VisualStudioVersion = 16.0.31019.35
MinimumVisualStudioVersion = 10.0.40219.1
Project("{FAE04EC0-301F-11D3-BF4B-00C04F79EFBC}") = "flattenphotos", "flattenphotos.csproj", "{E589A5EB-11D6-4BB8-964C-1E1E54ED9341}"
EndProject
Global
	GlobalSection(SolutionConfigurationPlatforms) = preSolution
		Debug|Any CPU = Debug|Any CPU
		Release|Any CPU = Release|Any CPU
	EndGlobalSection
	GlobalSection(ProjectConfigurationPlatforms) = postSolution
		{E589A5EB-11D6-4BB8-964C-1E1E54ED9341}.Debug|Any CPU.ActiveCfg = Debug|Any CPU
		{E589A5EB-11D6-4BB8-964C-1E1E54ED9341}.Debug|Any CPU.Build.0 = Debug|Any CPU
		{E589A5EB-11D6-4BB8-964C-1E1E54ED9341}.Release|Any CPU.ActiveCfg = Release|Any CPU
		{E589A5EB-11D6-4BB8-964C-1E1E54ED9341}.Release|Any CPU.Build.0 = Release|Any CPU
	EndGlobalSection
	GlobalSection(SolutionProperties) = preSolution
		HideSolutionNode = FALSE
	EndGlobalSection
	GlobalSection(ExtensibilityGlobals) = postSolution
		SolutionGuid = {4D1516D6-D656-4406-A3B7-83F5BC880905}
	EndGlobalSection
EndGlobal
